
Microsoft Visual Studio Solution File, Format Version 12.00
# Visual Studio Version 17
VisualStudioVersion = 17.8.34309.116
MinimumVisualStudioVersion = 10.0.40219.1
Project("{FAE04EC0-301F-11D3-BF4B-00C04F79EFBC}") = "Project.Net8", "Project.Net8\Project.Net8.csproj", "{A140EFA3-1398-4691-9525-EFA0D263FFE2}"
EndProject
Global
	GlobalSection(SolutionConfigurationPlatforms) = preSolution
		Debug|Any CPU = Debug|Any CPU
		Release|Any CPU = Release|Any CPU
	EndGlobalSection
	GlobalSection(ProjectConfigurationPlatforms) = postSolution
		{A140EFA3-1398-4691-9525-EFA0D263FFE2}.Debug|Any CPU.ActiveCfg = Debug|Any CPU
		{A140EFA3-1398-4691-9525-EFA0D263FFE2}.Debug|Any CPU.Build.0 = Debug|Any CPU
		{A140EFA3-1398-4691-9525-EFA0D263FFE2}.Release|Any CPU.ActiveCfg = Release|Any CPU
		{A140EFA3-1398-4691-9525-EFA0D263FFE2}.Release|Any CPU.Build.0 = Release|Any CPU
	EndGlobalSection
	GlobalSection(SolutionProperties) = preSolution
		HideSolutionNode = FALSE
	EndGlobalSection
	GlobalSection(ExtensibilityGlobals) = postSolution
		SolutionGuid = {A0DB8FB4-14E8-4CC3-85F9-B9BD967F6782}
	EndGlobalSection
EndGlobal
